// !$*UTF8*$!
{
	archiveVersion = 1;
	classes = {
	};
	objectVersion = 46;
	objects = {

/* Begin PBXBuildFile section */
		4508D8C017F5477300B1A0AA /* SBPusher.m in Sources */ = {isa = PBXBuildFile; fileRef = 4508D8BF17F5477300B1A0AA /* SBPusher.m */; };
		4578F45417F563350013F60E /* tap.aif in Resources */ = {isa = PBXBuildFile; fileRef = 4578F45317F563350013F60E /* tap.aif */; };
		4578F45617F563480013F60E /* AVFoundation.framework in Frameworks */ = {isa = PBXBuildFile; fileRef = 4578F45517F563480013F60E /* AVFoundation.framework */; };
		4578F45B17F563B60013F60E /* AudioToolbox.framework in Frameworks */ = {isa = PBXBuildFile; fileRef = 4578F45A17F563B60013F60E /* AudioToolbox.framework */; };
		459A16B017F50BEB00FFA6E5 /* Foundation.framework in Frameworks */ = {isa = PBXBuildFile; fileRef = 459A16AF17F50BEB00FFA6E5 /* Foundation.framework */; };
		459A16B217F50BEB00FFA6E5 /* CoreGraphics.framework in Frameworks */ = {isa = PBXBuildFile; fileRef = 459A16B117F50BEB00FFA6E5 /* CoreGraphics.framework */; };
		459A16B417F50BEB00FFA6E5 /* UIKit.framework in Frameworks */ = {isa = PBXBuildFile; fileRef = 459A16B317F50BEB00FFA6E5 /* UIKit.framework */; };
		459A16BA17F50BEB00FFA6E5 /* InfoPlist.strings in Resources */ = {isa = PBXBuildFile; fileRef = 459A16B817F50BEB00FFA6E5 /* InfoPlist.strings */; };
		459A16BC17F50BEB00FFA6E5 /* main.m in Sources */ = {isa = PBXBuildFile; fileRef = 459A16BB17F50BEB00FFA6E5 /* main.m */; };
		459A16C017F50BEB00FFA6E5 /* SBAppDelegate.m in Sources */ = {isa = PBXBuildFile; fileRef = 459A16BF17F50BEB00FFA6E5 /* SBAppDelegate.m */; };
		459A16C317F50BEB00FFA6E5 /* Main_iPhone.storyboard in Resources */ = {isa = PBXBuildFile; fileRef = 459A16C117F50BEB00FFA6E5 /* Main_iPhone.storyboard */; };
		459A16C617F50BEB00FFA6E5 /* Main_iPad.storyboard in Resources */ = {isa = PBXBuildFile; fileRef = 459A16C417F50BEB00FFA6E5 /* Main_iPad.storyboard */; };
		459A16C917F50BEB00FFA6E5 /* SBViewController.m in Sources */ = {isa = PBXBuildFile; fileRef = 459A16C817F50BEB00FFA6E5 /* SBViewController.m */; };
		459A16CB17F50BEB00FFA6E5 /* Images.xcassets in Resources */ = {isa = PBXBuildFile; fileRef = 459A16CA17F50BEB00FFA6E5 /* Images.xcassets */; };
		459A16D217F50BEB00FFA6E5 /* XCTest.framework in Frameworks */ = {isa = PBXBuildFile; fileRef = 459A16D117F50BEB00FFA6E5 /* XCTest.framework */; };
		459A16D317F50BEB00FFA6E5 /* Foundation.framework in Frameworks */ = {isa = PBXBuildFile; fileRef = 459A16AF17F50BEB00FFA6E5 /* Foundation.framework */; };
		459A16D417F50BEB00FFA6E5 /* UIKit.framework in Frameworks */ = {isa = PBXBuildFile; fileRef = 459A16B317F50BEB00FFA6E5 /* UIKit.framework */; };
		459A16DC17F50BEB00FFA6E5 /* InfoPlist.strings in Resources */ = {isa = PBXBuildFile; fileRef = 459A16DA17F50BEB00FFA6E5 /* InfoPlist.strings */; };
		459A16DE17F50BEB00FFA6E5 /* SoundBumpTests.m in Sources */ = {isa = PBXBuildFile; fileRef = 459A16DD17F50BEB00FFA6E5 /* SoundBumpTests.m */; };
		459A170117F5165500FFA6E5 /* DeezerLibClose.png in Resources */ = {isa = PBXBuildFile; fileRef = 459A16FF17F5165500FFA6E5 /* DeezerLibClose.png */; };
		459A170217F5165500FFA6E5 /* DeezerLibClose@2x.png in Resources */ = {isa = PBXBuildFile; fileRef = 459A170017F5165500FFA6E5 /* DeezerLibClose@2x.png */; };
		459A170417F5169A00FFA6E5 /* libDeezer.a in Frameworks */ = {isa = PBXBuildFile; fileRef = 459A170317F5169A00FFA6E5 /* libDeezer.a */; };
		459A174C17F51B7500FFA6E5 /* AFHTTPClient.m in Sources */ = {isa = PBXBuildFile; fileRef = 459A173817F51B7500FFA6E5 /* AFHTTPClient.m */; settings = {COMPILER_FLAGS = "-fno-objc-arc"; }; };
		459A174D17F51B7500FFA6E5 /* AFHTTPRequestOperation.m in Sources */ = {isa = PBXBuildFile; fileRef = 459A173A17F51B7500FFA6E5 /* AFHTTPRequestOperation.m */; settings = {COMPILER_FLAGS = "-fno-objc-arc"; }; };
		459A174E17F51B7500FFA6E5 /* AFImageRequestOperation.m in Sources */ = {isa = PBXBuildFile; fileRef = 459A173C17F51B7500FFA6E5 /* AFImageRequestOperation.m */; settings = {COMPILER_FLAGS = "-fno-objc-arc"; }; };
		459A174F17F51B7500FFA6E5 /* AFJSONRequestOperation.m in Sources */ = {isa = PBXBuildFile; fileRef = 459A173E17F51B7500FFA6E5 /* AFJSONRequestOperation.m */; settings = {COMPILER_FLAGS = "-fno-objc-arc"; }; };
		459A175017F51B7500FFA6E5 /* AFJSONUtilities.m in Sources */ = {isa = PBXBuildFile; fileRef = 459A174017F51B7500FFA6E5 /* AFJSONUtilities.m */; settings = {COMPILER_FLAGS = "-fno-objc-arc"; }; };
		459A175117F51B7500FFA6E5 /* AFNetworkActivityIndicatorManager.m in Sources */ = {isa = PBXBuildFile; fileRef = 459A174217F51B7500FFA6E5 /* AFNetworkActivityIndicatorManager.m */; settings = {COMPILER_FLAGS = "-fno-objc-arc"; }; };
		459A175217F51B7500FFA6E5 /* AFPropertyListRequestOperation.m in Sources */ = {isa = PBXBuildFile; fileRef = 459A174517F51B7500FFA6E5 /* AFPropertyListRequestOperation.m */; settings = {COMPILER_FLAGS = "-fno-objc-arc"; }; };
		459A175317F51B7500FFA6E5 /* AFURLConnectionOperation.m in Sources */ = {isa = PBXBuildFile; fileRef = 459A174717F51B7500FFA6E5 /* AFURLConnectionOperation.m */; settings = {COMPILER_FLAGS = "-fno-objc-arc"; }; };
		459A175417F51B7500FFA6E5 /* AFXMLRequestOperation.m in Sources */ = {isa = PBXBuildFile; fileRef = 459A174917F51B7500FFA6E5 /* AFXMLRequestOperation.m */; settings = {COMPILER_FLAGS = "-fno-objc-arc"; }; };
		459A175517F51B7500FFA6E5 /* UIImageView+AFNetworking.m in Sources */ = {isa = PBXBuildFile; fileRef = 459A174B17F51B7500FFA6E5 /* UIImageView+AFNetworking.m */; settings = {COMPILER_FLAGS = "-fno-objc-arc"; }; };
		459A177617F538F500FFA6E5 /* CFNetwork.framework in Frameworks */ = {isa = PBXBuildFile; fileRef = 459A177517F538F500FFA6E5 /* CFNetwork.framework */; };
		459A177817F5390100FFA6E5 /* Security.framework in Frameworks */ = {isa = PBXBuildFile; fileRef = 459A177717F5390100FFA6E5 /* Security.framework */; };
		459A177A17F5391000FFA6E5 /* SystemConfiguration.framework in Frameworks */ = {isa = PBXBuildFile; fileRef = 459A177917F5391000FFA6E5 /* SystemConfiguration.framework */; };
		459A177C17F5392900FFA6E5 /* libicucore.dylib in Frameworks */ = {isa = PBXBuildFile; fileRef = 459A177B17F5392900FFA6E5 /* libicucore.dylib */; };
		459A179017F5398600FFA6E5 /* libPusher-combined.a in Frameworks */ = {isa = PBXBuildFile; fileRef = 459A178F17F5398600FFA6E5 /* libPusher-combined.a */; };
		C7F916E117F51060008DBC62 /* BeaconAdvertiser.m in Sources */ = {isa = PBXBuildFile; fileRef = C7F916E017F51060008DBC62 /* BeaconAdvertiser.m */; };
		C7F916E917F538B2008DBC62 /* BeaconFinder.m in Sources */ = {isa = PBXBuildFile; fileRef = C7F916E817F538B2008DBC62 /* BeaconFinder.m */; };
/* End PBXBuildFile section */

/* Begin PBXContainerItemProxy section */
		459A16D517F50BEB00FFA6E5 /* PBXContainerItemProxy */ = {
			isa = PBXContainerItemProxy;
			containerPortal = 459A16A417F50BEB00FFA6E5 /* Project object */;
			proxyType = 1;
			remoteGlobalIDString = 459A16AB17F50BEB00FFA6E5;
			remoteInfo = SoundBump;
		};
/* End PBXContainerItemProxy section */

/* Begin PBXFileReference section */
		4508D8BE17F5477300B1A0AA /* SBPusher.h */ = {isa = PBXFileReference; fileEncoding = 4; lastKnownFileType = sourcecode.c.h; path = SBPusher.h; sourceTree = "<group>"; };
		4508D8BF17F5477300B1A0AA /* SBPusher.m */ = {isa = PBXFileReference; fileEncoding = 4; lastKnownFileType = sourcecode.c.objc; path = SBPusher.m; sourceTree = "<group>"; };
		4508D8C117F5484F00B1A0AA /* SBPusherDelegate.h */ = {isa = PBXFileReference; lastKnownFileType = sourcecode.c.h; path = SBPusherDelegate.h; sourceTree = "<group>"; };
		4578F45317F563350013F60E /* tap.aif */ = {isa = PBXFileReference; lastKnownFileType = file; path = tap.aif; sourceTree = "<group>"; };
		4578F45517F563480013F60E /* AVFoundation.framework */ = {isa = PBXFileReference; lastKnownFileType = wrapper.framework; name = AVFoundation.framework; path = System/Library/Frameworks/AVFoundation.framework; sourceTree = SDKROOT; };
		4578F45A17F563B60013F60E /* AudioToolbox.framework */ = {isa = PBXFileReference; lastKnownFileType = wrapper.framework; name = AudioToolbox.framework; path = System/Library/Frameworks/AudioToolbox.framework; sourceTree = SDKROOT; };
		459A16AC17F50BEB00FFA6E5 /* SoundBump.app */ = {isa = PBXFileReference; explicitFileType = wrapper.application; includeInIndex = 0; path = SoundBump.app; sourceTree = BUILT_PRODUCTS_DIR; };
		459A16AF17F50BEB00FFA6E5 /* Foundation.framework */ = {isa = PBXFileReference; lastKnownFileType = wrapper.framework; name = Foundation.framework; path = System/Library/Frameworks/Foundation.framework; sourceTree = SDKROOT; };
		459A16B117F50BEB00FFA6E5 /* CoreGraphics.framework */ = {isa = PBXFileReference; lastKnownFileType = wrapper.framework; name = CoreGraphics.framework; path = System/Library/Frameworks/CoreGraphics.framework; sourceTree = SDKROOT; };
		459A16B317F50BEB00FFA6E5 /* UIKit.framework */ = {isa = PBXFileReference; lastKnownFileType = wrapper.framework; name = UIKit.framework; path = System/Library/Frameworks/UIKit.framework; sourceTree = SDKROOT; };
		459A16B717F50BEB00FFA6E5 /* SoundBump-Info.plist */ = {isa = PBXFileReference; lastKnownFileType = text.plist.xml; path = "SoundBump-Info.plist"; sourceTree = "<group>"; };
		459A16B917F50BEB00FFA6E5 /* en */ = {isa = PBXFileReference; lastKnownFileType = text.plist.strings; name = en; path = en.lproj/InfoPlist.strings; sourceTree = "<group>"; };
		459A16BB17F50BEB00FFA6E5 /* main.m */ = {isa = PBXFileReference; lastKnownFileType = sourcecode.c.objc; path = main.m; sourceTree = "<group>"; };
		459A16BD17F50BEB00FFA6E5 /* SoundBump-Prefix.pch */ = {isa = PBXFileReference; lastKnownFileType = sourcecode.c.h; path = "SoundBump-Prefix.pch"; sourceTree = "<group>"; };
		459A16BE17F50BEB00FFA6E5 /* SBAppDelegate.h */ = {isa = PBXFileReference; lastKnownFileType = sourcecode.c.h; path = SBAppDelegate.h; sourceTree = "<group>"; };
		459A16BF17F50BEB00FFA6E5 /* SBAppDelegate.m */ = {isa = PBXFileReference; lastKnownFileType = sourcecode.c.objc; path = SBAppDelegate.m; sourceTree = "<group>"; };
		459A16C217F50BEB00FFA6E5 /* Base */ = {isa = PBXFileReference; lastKnownFileType = file.storyboard; name = Base; path = Base.lproj/Main_iPhone.storyboard; sourceTree = "<group>"; };
		459A16C517F50BEB00FFA6E5 /* Base */ = {isa = PBXFileReference; lastKnownFileType = file.storyboard; name = Base; path = Base.lproj/Main_iPad.storyboard; sourceTree = "<group>"; };
		459A16C717F50BEB00FFA6E5 /* SBViewController.h */ = {isa = PBXFileReference; lastKnownFileType = sourcecode.c.h; path = SBViewController.h; sourceTree = "<group>"; };
		459A16C817F50BEB00FFA6E5 /* SBViewController.m */ = {isa = PBXFileReference; lastKnownFileType = sourcecode.c.objc; path = SBViewController.m; sourceTree = "<group>"; };
		459A16CA17F50BEB00FFA6E5 /* Images.xcassets */ = {isa = PBXFileReference; lastKnownFileType = folder.assetcatalog; path = Images.xcassets; sourceTree = "<group>"; };
		459A16D017F50BEB00FFA6E5 /* SoundBumpTests.xctest */ = {isa = PBXFileReference; explicitFileType = wrapper.cfbundle; includeInIndex = 0; path = SoundBumpTests.xctest; sourceTree = BUILT_PRODUCTS_DIR; };
		459A16D117F50BEB00FFA6E5 /* XCTest.framework */ = {isa = PBXFileReference; lastKnownFileType = wrapper.framework; name = XCTest.framework; path = Library/Frameworks/XCTest.framework; sourceTree = DEVELOPER_DIR; };
		459A16D917F50BEB00FFA6E5 /* SoundBumpTests-Info.plist */ = {isa = PBXFileReference; lastKnownFileType = text.plist.xml; path = "SoundBumpTests-Info.plist"; sourceTree = "<group>"; };
		459A16DB17F50BEB00FFA6E5 /* en */ = {isa = PBXFileReference; lastKnownFileType = text.plist.strings; name = en; path = en.lproj/InfoPlist.strings; sourceTree = "<group>"; };
		459A16DD17F50BEB00FFA6E5 /* SoundBumpTests.m */ = {isa = PBXFileReference; lastKnownFileType = sourcecode.c.objc; path = SoundBumpTests.m; sourceTree = "<group>"; };
		459A16F817F5165500FFA6E5 /* BufferDelegate.h */ = {isa = PBXFileReference; fileEncoding = 4; lastKnownFileType = sourcecode.c.h; path = BufferDelegate.h; sourceTree = "<group>"; };
		459A16F917F5165500FFA6E5 /* DeezerConnect.h */ = {isa = PBXFileReference; fileEncoding = 4; lastKnownFileType = sourcecode.c.h; path = DeezerConnect.h; sourceTree = "<group>"; };
		459A16FA17F5165500FFA6E5 /* DeezerOAuthDelegate.h */ = {isa = PBXFileReference; fileEncoding = 4; lastKnownFileType = sourcecode.c.h; path = DeezerOAuthDelegate.h; sourceTree = "<group>"; };
		459A16FB17F5165500FFA6E5 /* DeezerRequestDelegate.h */ = {isa = PBXFileReference; fileEncoding = 4; lastKnownFileType = sourcecode.c.h; path = DeezerRequestDelegate.h; sourceTree = "<group>"; };
		459A16FC17F5165500FFA6E5 /* PlayerDelegate.h */ = {isa = PBXFileReference; fileEncoding = 4; lastKnownFileType = sourcecode.c.h; path = PlayerDelegate.h; sourceTree = "<group>"; };
		459A16FD17F5165500FFA6E5 /* PlayerFactory.h */ = {isa = PBXFileReference; fileEncoding = 4; lastKnownFileType = sourcecode.c.h; path = PlayerFactory.h; sourceTree = "<group>"; };
		459A16FF17F5165500FFA6E5 /* DeezerLibClose.png */ = {isa = PBXFileReference; lastKnownFileType = image.png; path = DeezerLibClose.png; sourceTree = "<group>"; };
		459A170017F5165500FFA6E5 /* DeezerLibClose@2x.png */ = {isa = PBXFileReference; lastKnownFileType = image.png; path = "DeezerLibClose@2x.png"; sourceTree = "<group>"; };
		459A170317F5169A00FFA6E5 /* libDeezer.a */ = {isa = PBXFileReference; lastKnownFileType = archive.ar; path = libDeezer.a; sourceTree = "<group>"; };
		459A170617F5189E00FFA6E5 /* SBDeezerSession.h */ = {isa = PBXFileReference; fileEncoding = 4; lastKnownFileType = sourcecode.c.h; path = SBDeezerSession.h; sourceTree = "<group>"; };
		459A170717F5189E00FFA6E5 /* SBDeezerSession.m */ = {isa = PBXFileReference; fileEncoding = 4; lastKnownFileType = sourcecode.c.objc; path = SBDeezerSession.m; sourceTree = "<group>"; };
		459A173717F51B7500FFA6E5 /* AFHTTPClient.h */ = {isa = PBXFileReference; fileEncoding = 4; lastKnownFileType = sourcecode.c.h; path = AFHTTPClient.h; sourceTree = "<group>"; };
		459A173817F51B7500FFA6E5 /* AFHTTPClient.m */ = {isa = PBXFileReference; fileEncoding = 4; lastKnownFileType = sourcecode.c.objc; path = AFHTTPClient.m; sourceTree = "<group>"; };
		459A173917F51B7500FFA6E5 /* AFHTTPRequestOperation.h */ = {isa = PBXFileReference; fileEncoding = 4; lastKnownFileType = sourcecode.c.h; path = AFHTTPRequestOperation.h; sourceTree = "<group>"; };
		459A173A17F51B7500FFA6E5 /* AFHTTPRequestOperation.m */ = {isa = PBXFileReference; fileEncoding = 4; lastKnownFileType = sourcecode.c.objc; path = AFHTTPRequestOperation.m; sourceTree = "<group>"; };
		459A173B17F51B7500FFA6E5 /* AFImageRequestOperation.h */ = {isa = PBXFileReference; fileEncoding = 4; lastKnownFileType = sourcecode.c.h; path = AFImageRequestOperation.h; sourceTree = "<group>"; };
		459A173C17F51B7500FFA6E5 /* AFImageRequestOperation.m */ = {isa = PBXFileReference; fileEncoding = 4; lastKnownFileType = sourcecode.c.objc; path = AFImageRequestOperation.m; sourceTree = "<group>"; };
		459A173D17F51B7500FFA6E5 /* AFJSONRequestOperation.h */ = {isa = PBXFileReference; fileEncoding = 4; lastKnownFileType = sourcecode.c.h; path = AFJSONRequestOperation.h; sourceTree = "<group>"; };
		459A173E17F51B7500FFA6E5 /* AFJSONRequestOperation.m */ = {isa = PBXFileReference; fileEncoding = 4; lastKnownFileType = sourcecode.c.objc; path = AFJSONRequestOperation.m; sourceTree = "<group>"; };
		459A173F17F51B7500FFA6E5 /* AFJSONUtilities.h */ = {isa = PBXFileReference; fileEncoding = 4; lastKnownFileType = sourcecode.c.h; path = AFJSONUtilities.h; sourceTree = "<group>"; };
		459A174017F51B7500FFA6E5 /* AFJSONUtilities.m */ = {isa = PBXFileReference; fileEncoding = 4; lastKnownFileType = sourcecode.c.objc; path = AFJSONUtilities.m; sourceTree = "<group>"; };
		459A174117F51B7500FFA6E5 /* AFNetworkActivityIndicatorManager.h */ = {isa = PBXFileReference; fileEncoding = 4; lastKnownFileType = sourcecode.c.h; path = AFNetworkActivityIndicatorManager.h; sourceTree = "<group>"; };
		459A174217F51B7500FFA6E5 /* AFNetworkActivityIndicatorManager.m */ = {isa = PBXFileReference; fileEncoding = 4; lastKnownFileType = sourcecode.c.objc; path = AFNetworkActivityIndicatorManager.m; sourceTree = "<group>"; };
		459A174317F51B7500FFA6E5 /* AFNetworking.h */ = {isa = PBXFileReference; fileEncoding = 4; lastKnownFileType = sourcecode.c.h; path = AFNetworking.h; sourceTree = "<group>"; };
		459A174417F51B7500FFA6E5 /* AFPropertyListRequestOperation.h */ = {isa = PBXFileReference; fileEncoding = 4; lastKnownFileType = sourcecode.c.h; path = AFPropertyListRequestOperation.h; sourceTree = "<group>"; };
		459A174517F51B7500FFA6E5 /* AFPropertyListRequestOperation.m */ = {isa = PBXFileReference; fileEncoding = 4; lastKnownFileType = sourcecode.c.objc; path = AFPropertyListRequestOperation.m; sourceTree = "<group>"; };
		459A174617F51B7500FFA6E5 /* AFURLConnectionOperation.h */ = {isa = PBXFileReference; fileEncoding = 4; lastKnownFileType = sourcecode.c.h; path = AFURLConnectionOperation.h; sourceTree = "<group>"; };
		459A174717F51B7500FFA6E5 /* AFURLConnectionOperation.m */ = {isa = PBXFileReference; fileEncoding = 4; lastKnownFileType = sourcecode.c.objc; path = AFURLConnectionOperation.m; sourceTree = "<group>"; };
		459A174817F51B7500FFA6E5 /* AFXMLRequestOperation.h */ = {isa = PBXFileReference; fileEncoding = 4; lastKnownFileType = sourcecode.c.h; path = AFXMLRequestOperation.h; sourceTree = "<group>"; };
		459A174917F51B7500FFA6E5 /* AFXMLRequestOperation.m */ = {isa = PBXFileReference; fileEncoding = 4; lastKnownFileType = sourcecode.c.objc; path = AFXMLRequestOperation.m; sourceTree = "<group>"; };
		459A174A17F51B7500FFA6E5 /* UIImageView+AFNetworking.h */ = {isa = PBXFileReference; fileEncoding = 4; lastKnownFileType = sourcecode.c.h; path = "UIImageView+AFNetworking.h"; sourceTree = "<group>"; };
		459A174B17F51B7500FFA6E5 /* UIImageView+AFNetworking.m */ = {isa = PBXFileReference; fileEncoding = 4; lastKnownFileType = sourcecode.c.objc; path = "UIImageView+AFNetworking.m"; sourceTree = "<group>"; };
		459A177517F538F500FFA6E5 /* CFNetwork.framework */ = {isa = PBXFileReference; lastKnownFileType = wrapper.framework; name = CFNetwork.framework; path = System/Library/Frameworks/CFNetwork.framework; sourceTree = SDKROOT; };
		459A177717F5390100FFA6E5 /* Security.framework */ = {isa = PBXFileReference; lastKnownFileType = wrapper.framework; name = Security.framework; path = System/Library/Frameworks/Security.framework; sourceTree = SDKROOT; };
		459A177917F5391000FFA6E5 /* SystemConfiguration.framework */ = {isa = PBXFileReference; lastKnownFileType = wrapper.framework; name = SystemConfiguration.framework; path = System/Library/Frameworks/SystemConfiguration.framework; sourceTree = SDKROOT; };
		459A177B17F5392900FFA6E5 /* libicucore.dylib */ = {isa = PBXFileReference; lastKnownFileType = "compiled.mach-o.dylib"; name = libicucore.dylib; path = usr/lib/libicucore.dylib; sourceTree = SDKROOT; };
		459A177E17F5396300FFA6E5 /* PTEventListener.h */ = {isa = PBXFileReference; fileEncoding = 4; lastKnownFileType = sourcecode.c.h; path = PTEventListener.h; sourceTree = "<group>"; };
		459A177F17F5396300FFA6E5 /* PTJSON.h */ = {isa = PBXFileReference; fileEncoding = 4; lastKnownFileType = sourcecode.c.h; path = PTJSON.h; sourceTree = "<group>"; };
		459A178017F5396300FFA6E5 /* PTJSONParser.h */ = {isa = PBXFileReference; fileEncoding = 4; lastKnownFileType = sourcecode.c.h; path = PTJSONParser.h; sourceTree = "<group>"; };
		459A178117F5396300FFA6E5 /* PTPusher.h */ = {isa = PBXFileReference; fileEncoding = 4; lastKnownFileType = sourcecode.c.h; path = PTPusher.h; sourceTree = "<group>"; };
		459A178217F5396300FFA6E5 /* PTPusher+Testing.h */ = {isa = PBXFileReference; fileEncoding = 4; lastKnownFileType = sourcecode.c.h; path = "PTPusher+Testing.h"; sourceTree = "<group>"; };
		459A178317F5396300FFA6E5 /* PTPusherAPI.h */ = {isa = PBXFileReference; fileEncoding = 4; lastKnownFileType = sourcecode.c.h; path = PTPusherAPI.h; sourceTree = "<group>"; };
		459A178417F5396300FFA6E5 /* PTPusherChannel.h */ = {isa = PBXFileReference; fileEncoding = 4; lastKnownFileType = sourcecode.c.h; path = PTPusherChannel.h; sourceTree = "<group>"; };
		459A178517F5396300FFA6E5 /* PTPusherConnection.h */ = {isa = PBXFileReference; fileEncoding = 4; lastKnownFileType = sourcecode.c.h; path = PTPusherConnection.h; sourceTree = "<group>"; };
		459A178617F5396300FFA6E5 /* PTPusherDelegate.h */ = {isa = PBXFileReference; fileEncoding = 4; lastKnownFileType = sourcecode.c.h; path = PTPusherDelegate.h; sourceTree = "<group>"; };
		459A178717F5396300FFA6E5 /* PTPusherErrors.h */ = {isa = PBXFileReference; fileEncoding = 4; lastKnownFileType = sourcecode.c.h; path = PTPusherErrors.h; sourceTree = "<group>"; };
		459A178817F5396300FFA6E5 /* PTPusherEvent.h */ = {isa = PBXFileReference; fileEncoding = 4; lastKnownFileType = sourcecode.c.h; path = PTPusherEvent.h; sourceTree = "<group>"; };
		459A178917F5396300FFA6E5 /* PTPusherEventDispatcher.h */ = {isa = PBXFileReference; fileEncoding = 4; lastKnownFileType = sourcecode.c.h; path = PTPusherEventDispatcher.h; sourceTree = "<group>"; };
		459A178A17F5396300FFA6E5 /* PTPusherEventPublisher.h */ = {isa = PBXFileReference; fileEncoding = 4; lastKnownFileType = sourcecode.c.h; path = PTPusherEventPublisher.h; sourceTree = "<group>"; };
		459A178B17F5396300FFA6E5 /* PTPusherMacros.h */ = {isa = PBXFileReference; fileEncoding = 4; lastKnownFileType = sourcecode.c.h; path = PTPusherMacros.h; sourceTree = "<group>"; };
		459A178C17F5396300FFA6E5 /* PTPusherMockConnection.h */ = {isa = PBXFileReference; fileEncoding = 4; lastKnownFileType = sourcecode.c.h; path = PTPusherMockConnection.h; sourceTree = "<group>"; };
		459A178D17F5396300FFA6E5 /* PTPusherPresenceChannelDelegate.h */ = {isa = PBXFileReference; fileEncoding = 4; lastKnownFileType = sourcecode.c.h; path = PTPusherPresenceChannelDelegate.h; sourceTree = "<group>"; };
		459A178E17F5396300FFA6E5 /* SRWebSocket.h */ = {isa = PBXFileReference; fileEncoding = 4; lastKnownFileType = sourcecode.c.h; path = SRWebSocket.h; sourceTree = "<group>"; };
		459A178F17F5398600FFA6E5 /* libPusher-combined.a */ = {isa = PBXFileReference; lastKnownFileType = archive.ar; name = "libPusher-combined.a"; path = "LibPusher/libPusher-combined.a"; sourceTree = "<group>"; };
		C7F916DF17F51060008DBC62 /* BeaconAdvertiser.h */ = {isa = PBXFileReference; fileEncoding = 4; lastKnownFileType = sourcecode.c.h; path = BeaconAdvertiser.h; sourceTree = "<group>"; };
		C7F916E017F51060008DBC62 /* BeaconAdvertiser.m */ = {isa = PBXFileReference; fileEncoding = 4; lastKnownFileType = sourcecode.c.objc; path = BeaconAdvertiser.m; sourceTree = "<group>"; };
		C7F916E717F538B2008DBC62 /* BeaconFinder.h */ = {isa = PBXFileReference; fileEncoding = 4; lastKnownFileType = sourcecode.c.h; path = BeaconFinder.h; sourceTree = "<group>"; };
		C7F916E817F538B2008DBC62 /* BeaconFinder.m */ = {isa = PBXFileReference; fileEncoding = 4; lastKnownFileType = sourcecode.c.objc; path = BeaconFinder.m; sourceTree = "<group>"; };
/* End PBXFileReference section */

/* Begin PBXFrameworksBuildPhase section */
		459A16A917F50BEB00FFA6E5 /* Frameworks */ = {
			isa = PBXFrameworksBuildPhase;
			buildActionMask = 2147483647;
			files = (
				4578F45B17F563B60013F60E /* AudioToolbox.framework in Frameworks */,
				4578F45617F563480013F60E /* AVFoundation.framework in Frameworks */,
				459A179017F5398600FFA6E5 /* libPusher-combined.a in Frameworks */,
				459A177C17F5392900FFA6E5 /* libicucore.dylib in Frameworks */,
				459A177A17F5391000FFA6E5 /* SystemConfiguration.framework in Frameworks */,
				459A177817F5390100FFA6E5 /* Security.framework in Frameworks */,
				459A177617F538F500FFA6E5 /* CFNetwork.framework in Frameworks */,
				459A170417F5169A00FFA6E5 /* libDeezer.a in Frameworks */,
				459A16B217F50BEB00FFA6E5 /* CoreGraphics.framework in Frameworks */,
				459A16B417F50BEB00FFA6E5 /* UIKit.framework in Frameworks */,
				459A16B017F50BEB00FFA6E5 /* Foundation.framework in Frameworks */,
			);
			runOnlyForDeploymentPostprocessing = 0;
		};
		459A16CD17F50BEB00FFA6E5 /* Frameworks */ = {
			isa = PBXFrameworksBuildPhase;
			buildActionMask = 2147483647;
			files = (
				459A16D217F50BEB00FFA6E5 /* XCTest.framework in Frameworks */,
				459A16D417F50BEB00FFA6E5 /* UIKit.framework in Frameworks */,
				459A16D317F50BEB00FFA6E5 /* Foundation.framework in Frameworks */,
			);
			runOnlyForDeploymentPostprocessing = 0;
		};
/* End PBXFrameworksBuildPhase section */

/* Begin PBXGroup section */
		459A16A317F50BEB00FFA6E5 = {
			isa = PBXGroup;
			children = (
				459A173117F51B1100FFA6E5 /* ThirdParty */,
				459A170517F5187900FFA6E5 /* Deezer */,
				459A16B517F50BEB00FFA6E5 /* SoundBump */,
				459A16D717F50BEB00FFA6E5 /* SoundBumpTests */,
				459A16AE17F50BEB00FFA6E5 /* Frameworks */,
				459A16AD17F50BEB00FFA6E5 /* Products */,
				459A177D17F5394100FFA6E5 /* LibPusher */,
				459A16F617F5165500FFA6E5 /* LibDeezer */,
			);
			sourceTree = "<group>";
		};
		459A16AD17F50BEB00FFA6E5 /* Products */ = {
			isa = PBXGroup;
			children = (
				459A16AC17F50BEB00FFA6E5 /* SoundBump.app */,
				459A16D017F50BEB00FFA6E5 /* SoundBumpTests.xctest */,
			);
			name = Products;
			sourceTree = "<group>";
		};
		459A16AE17F50BEB00FFA6E5 /* Frameworks */ = {
			isa = PBXGroup;
			children = (
				4578F45A17F563B60013F60E /* AudioToolbox.framework */,
				4578F45517F563480013F60E /* AVFoundation.framework */,
				459A178F17F5398600FFA6E5 /* libPusher-combined.a */,
				459A177B17F5392900FFA6E5 /* libicucore.dylib */,
				459A177917F5391000FFA6E5 /* SystemConfiguration.framework */,
				459A177717F5390100FFA6E5 /* Security.framework */,
				459A177517F538F500FFA6E5 /* CFNetwork.framework */,
				459A16AF17F50BEB00FFA6E5 /* Foundation.framework */,
				459A16B117F50BEB00FFA6E5 /* CoreGraphics.framework */,
				459A16B317F50BEB00FFA6E5 /* UIKit.framework */,
				459A16D117F50BEB00FFA6E5 /* XCTest.framework */,
			);
			name = Frameworks;
			sourceTree = "<group>";
		};
		459A16B517F50BEB00FFA6E5 /* SoundBump */ = {
			isa = PBXGroup;
			children = (
				459A16BE17F50BEB00FFA6E5 /* SBAppDelegate.h */,
				459A16BF17F50BEB00FFA6E5 /* SBAppDelegate.m */,
				459A16C117F50BEB00FFA6E5 /* Main_iPhone.storyboard */,
				459A16C417F50BEB00FFA6E5 /* Main_iPad.storyboard */,
				459A16C717F50BEB00FFA6E5 /* SBViewController.h */,
				459A16C817F50BEB00FFA6E5 /* SBViewController.m */,
				C7F916DF17F51060008DBC62 /* BeaconAdvertiser.h */,
				C7F916E017F51060008DBC62 /* BeaconAdvertiser.m */,
				C7F916E717F538B2008DBC62 /* BeaconFinder.h */,
				C7F916E817F538B2008DBC62 /* BeaconFinder.m */,
				4508D8C117F5484F00B1A0AA /* SBPusherDelegate.h */,
				4508D8BE17F5477300B1A0AA /* SBPusher.h */,
				4508D8BF17F5477300B1A0AA /* SBPusher.m */,
				459A16CA17F50BEB00FFA6E5 /* Images.xcassets */,
				459A16B617F50BEB00FFA6E5 /* Supporting Files */,
			);
			path = SoundBump;
			sourceTree = "<group>";
		};
		459A16B617F50BEB00FFA6E5 /* Supporting Files */ = {
			isa = PBXGroup;
			children = (
				4578F45317F563350013F60E /* tap.aif */,
				459A16B717F50BEB00FFA6E5 /* SoundBump-Info.plist */,
				459A16B817F50BEB00FFA6E5 /* InfoPlist.strings */,
				459A16BB17F50BEB00FFA6E5 /* main.m */,
				459A16BD17F50BEB00FFA6E5 /* SoundBump-Prefix.pch */,
			);
			name = "Supporting Files";
			sourceTree = "<group>";
		};
		459A16D717F50BEB00FFA6E5 /* SoundBumpTests */ = {
			isa = PBXGroup;
			children = (
				459A16DD17F50BEB00FFA6E5 /* SoundBumpTests.m */,
				459A16D817F50BEB00FFA6E5 /* Supporting Files */,
			);
			path = SoundBumpTests;
			sourceTree = "<group>";
		};
		459A16D817F50BEB00FFA6E5 /* Supporting Files */ = {
			isa = PBXGroup;
			children = (
				459A16D917F50BEB00FFA6E5 /* SoundBumpTests-Info.plist */,
				459A16DA17F50BEB00FFA6E5 /* InfoPlist.strings */,
			);
			name = "Supporting Files";
			sourceTree = "<group>";
		};
		459A16F617F5165500FFA6E5 /* LibDeezer */ = {
			isa = PBXGroup;
			children = (
				459A170317F5169A00FFA6E5 /* libDeezer.a */,
				459A16F717F5165500FFA6E5 /* Headers */,
				459A16FE17F5165500FFA6E5 /* Resources */,
			);
			path = LibDeezer;
			sourceTree = "<group>";
		};
		459A16F717F5165500FFA6E5 /* Headers */ = {
			isa = PBXGroup;
			children = (
				459A16F817F5165500FFA6E5 /* BufferDelegate.h */,
				459A16F917F5165500FFA6E5 /* DeezerConnect.h */,
				459A16FA17F5165500FFA6E5 /* DeezerOAuthDelegate.h */,
				459A16FB17F5165500FFA6E5 /* DeezerRequestDelegate.h */,
				459A16FC17F5165500FFA6E5 /* PlayerDelegate.h */,
				459A16FD17F5165500FFA6E5 /* PlayerFactory.h */,
			);
			path = Headers;
			sourceTree = "<group>";
		};
		459A16FE17F5165500FFA6E5 /* Resources */ = {
			isa = PBXGroup;
			children = (
				459A16FF17F5165500FFA6E5 /* DeezerLibClose.png */,
				459A170017F5165500FFA6E5 /* DeezerLibClose@2x.png */,
			);
			path = Resources;
			sourceTree = "<group>";
		};
		459A170517F5187900FFA6E5 /* Deezer */ = {
			isa = PBXGroup;
			children = (
				459A170617F5189E00FFA6E5 /* SBDeezerSession.h */,
				459A170717F5189E00FFA6E5 /* SBDeezerSession.m */,
			);
			name = Deezer;
			path = SoundBump/Deezer;
			sourceTree = "<group>";
		};
		459A173117F51B1100FFA6E5 /* ThirdParty */ = {
			isa = PBXGroup;
			children = (
				459A173617F51B7500FFA6E5 /* AFNetworking */,
			);
			name = ThirdParty;
			path = SoundBump/ThirdParty;
			sourceTree = "<group>";
		};
		459A173617F51B7500FFA6E5 /* AFNetworking */ = {
			isa = PBXGroup;
			children = (
				459A173717F51B7500FFA6E5 /* AFHTTPClient.h */,
				459A173817F51B7500FFA6E5 /* AFHTTPClient.m */,
				459A173917F51B7500FFA6E5 /* AFHTTPRequestOperation.h */,
				459A173A17F51B7500FFA6E5 /* AFHTTPRequestOperation.m */,
				459A173B17F51B7500FFA6E5 /* AFImageRequestOperation.h */,
				459A173C17F51B7500FFA6E5 /* AFImageRequestOperation.m */,
				459A173D17F51B7500FFA6E5 /* AFJSONRequestOperation.h */,
				459A173E17F51B7500FFA6E5 /* AFJSONRequestOperation.m */,
				459A173F17F51B7500FFA6E5 /* AFJSONUtilities.h */,
				459A174017F51B7500FFA6E5 /* AFJSONUtilities.m */,
				459A174117F51B7500FFA6E5 /* AFNetworkActivityIndicatorManager.h */,
				459A174217F51B7500FFA6E5 /* AFNetworkActivityIndicatorManager.m */,
				459A174317F51B7500FFA6E5 /* AFNetworking.h */,
				459A174417F51B7500FFA6E5 /* AFPropertyListRequestOperation.h */,
				459A174517F51B7500FFA6E5 /* AFPropertyListRequestOperation.m */,
				459A174617F51B7500FFA6E5 /* AFURLConnectionOperation.h */,
				459A174717F51B7500FFA6E5 /* AFURLConnectionOperation.m */,
				459A174817F51B7500FFA6E5 /* AFXMLRequestOperation.h */,
				459A174917F51B7500FFA6E5 /* AFXMLRequestOperation.m */,
				459A174A17F51B7500FFA6E5 /* UIImageView+AFNetworking.h */,
				459A174B17F51B7500FFA6E5 /* UIImageView+AFNetworking.m */,
			);
			path = AFNetworking;
			sourceTree = "<group>";
		};
		459A177D17F5394100FFA6E5 /* LibPusher */ = {
			isa = PBXGroup;
			children = (
				459A177E17F5396300FFA6E5 /* PTEventListener.h */,
				459A177F17F5396300FFA6E5 /* PTJSON.h */,
				459A178017F5396300FFA6E5 /* PTJSONParser.h */,
				459A178117F5396300FFA6E5 /* PTPusher.h */,
				459A178217F5396300FFA6E5 /* PTPusher+Testing.h */,
				459A178317F5396300FFA6E5 /* PTPusherAPI.h */,
				459A178417F5396300FFA6E5 /* PTPusherChannel.h */,
				459A178517F5396300FFA6E5 /* PTPusherConnection.h */,
				459A178617F5396300FFA6E5 /* PTPusherDelegate.h */,
				459A178717F5396300FFA6E5 /* PTPusherErrors.h */,
				459A178817F5396300FFA6E5 /* PTPusherEvent.h */,
				459A178917F5396300FFA6E5 /* PTPusherEventDispatcher.h */,
				459A178A17F5396300FFA6E5 /* PTPusherEventPublisher.h */,
				459A178B17F5396300FFA6E5 /* PTPusherMacros.h */,
				459A178C17F5396300FFA6E5 /* PTPusherMockConnection.h */,
				459A178D17F5396300FFA6E5 /* PTPusherPresenceChannelDelegate.h */,
				459A178E17F5396300FFA6E5 /* SRWebSocket.h */,
			);
			path = LibPusher;
			sourceTree = "<group>";
		};
/* End PBXGroup section */

/* Begin PBXNativeTarget section */
		459A16AB17F50BEB00FFA6E5 /* SoundBump */ = {
			isa = PBXNativeTarget;
			buildConfigurationList = 459A16E117F50BEB00FFA6E5 /* Build configuration list for PBXNativeTarget "SoundBump" */;
			buildPhases = (
				459A16A817F50BEB00FFA6E5 /* Sources */,
				459A16A917F50BEB00FFA6E5 /* Frameworks */,
				459A16AA17F50BEB00FFA6E5 /* Resources */,
			);
			buildRules = (
			);
			dependencies = (
			);
			name = SoundBump;
			productName = SoundBump;
			productReference = 459A16AC17F50BEB00FFA6E5 /* SoundBump.app */;
			productType = "com.apple.product-type.application";
		};
		459A16CF17F50BEB00FFA6E5 /* SoundBumpTests */ = {
			isa = PBXNativeTarget;
			buildConfigurationList = 459A16E417F50BEB00FFA6E5 /* Build configuration list for PBXNativeTarget "SoundBumpTests" */;
			buildPhases = (
				459A16CC17F50BEB00FFA6E5 /* Sources */,
				459A16CD17F50BEB00FFA6E5 /* Frameworks */,
				459A16CE17F50BEB00FFA6E5 /* Resources */,
			);
			buildRules = (
			);
			dependencies = (
				459A16D617F50BEB00FFA6E5 /* PBXTargetDependency */,
			);
			name = SoundBumpTests;
			productName = SoundBumpTests;
			productReference = 459A16D017F50BEB00FFA6E5 /* SoundBumpTests.xctest */;
			productType = "com.apple.product-type.bundle.unit-test";
		};
/* End PBXNativeTarget section */

/* Begin PBXProject section */
		459A16A417F50BEB00FFA6E5 /* Project object */ = {
			isa = PBXProject;
			attributes = {
				CLASSPREFIX = SB;
				LastUpgradeCheck = 0500;
				ORGANIZATIONNAME = Facebook;
				TargetAttributes = {
					459A16CF17F50BEB00FFA6E5 = {
						TestTargetID = 459A16AB17F50BEB00FFA6E5;
					};
				};
			};
			buildConfigurationList = 459A16A717F50BEB00FFA6E5 /* Build configuration list for PBXProject "SoundBump" */;
			compatibilityVersion = "Xcode 3.2";
			developmentRegion = English;
			hasScannedForEncodings = 0;
			knownRegions = (
				en,
				Base,
			);
			mainGroup = 459A16A317F50BEB00FFA6E5;
			productRefGroup = 459A16AD17F50BEB00FFA6E5 /* Products */;
			projectDirPath = "";
			projectRoot = "";
			targets = (
				459A16AB17F50BEB00FFA6E5 /* SoundBump */,
				459A16CF17F50BEB00FFA6E5 /* SoundBumpTests */,
			);
		};
/* End PBXProject section */

/* Begin PBXResourcesBuildPhase section */
		459A16AA17F50BEB00FFA6E5 /* Resources */ = {
			isa = PBXResourcesBuildPhase;
			buildActionMask = 2147483647;
			files = (
				459A16C617F50BEB00FFA6E5 /* Main_iPad.storyboard in Resources */,
				459A170117F5165500FFA6E5 /* DeezerLibClose.png in Resources */,
				459A170217F5165500FFA6E5 /* DeezerLibClose@2x.png in Resources */,
				459A16CB17F50BEB00FFA6E5 /* Images.xcassets in Resources */,
				459A16C317F50BEB00FFA6E5 /* Main_iPhone.storyboard in Resources */,
				4578F45417F563350013F60E /* tap.aif in Resources */,
				459A16BA17F50BEB00FFA6E5 /* InfoPlist.strings in Resources */,
			);
			runOnlyForDeploymentPostprocessing = 0;
		};
		459A16CE17F50BEB00FFA6E5 /* Resources */ = {
			isa = PBXResourcesBuildPhase;
			buildActionMask = 2147483647;
			files = (
				459A16DC17F50BEB00FFA6E5 /* InfoPlist.strings in Resources */,
			);
			runOnlyForDeploymentPostprocessing = 0;
		};
/* End PBXResourcesBuildPhase section */

/* Begin PBXSourcesBuildPhase section */
		459A16A817F50BEB00FFA6E5 /* Sources */ = {
			isa = PBXSourcesBuildPhase;
			buildActionMask = 2147483647;
			files = (
				459A175317F51B7500FFA6E5 /* AFURLConnectionOperation.m in Sources */,
				4508D8C017F5477300B1A0AA /* SBPusher.m in Sources */,
				459A174F17F51B7500FFA6E5 /* AFJSONRequestOperation.m in Sources */,
				459A174E17F51B7500FFA6E5 /* AFImageRequestOperation.m in Sources */,
				459A175017F51B7500FFA6E5 /* AFJSONUtilities.m in Sources */,
				459A175417F51B7500FFA6E5 /* AFXMLRequestOperation.m in Sources */,
				459A16BC17F50BEB00FFA6E5 /* main.m in Sources */,
				459A174D17F51B7500FFA6E5 /* AFHTTPRequestOperation.m in Sources */,
				459A175517F51B7500FFA6E5 /* UIImageView+AFNetworking.m in Sources */,
				459A16C917F50BEB00FFA6E5 /* SBViewController.m in Sources */,
				C7F916E117F51060008DBC62 /* BeaconAdvertiser.m in Sources */,
				C7F916E917F538B2008DBC62 /* BeaconFinder.m in Sources */,
				459A16C017F50BEB00FFA6E5 /* SBAppDelegate.m in Sources */,
				459A175117F51B7500FFA6E5 /* AFNetworkActivityIndicatorManager.m in Sources */,
				459A175217F51B7500FFA6E5 /* AFPropertyListRequestOperation.m in Sources */,
				459A174C17F51B7500FFA6E5 /* AFHTTPClient.m in Sources */,
			);
			runOnlyForDeploymentPostprocessing = 0;
		};
		459A16CC17F50BEB00FFA6E5 /* Sources */ = {
			isa = PBXSourcesBuildPhase;
			buildActionMask = 2147483647;
			files = (
				459A16DE17F50BEB00FFA6E5 /* SoundBumpTests.m in Sources */,
			);
			runOnlyForDeploymentPostprocessing = 0;
		};
/* End PBXSourcesBuildPhase section */

/* Begin PBXTargetDependency section */
		459A16D617F50BEB00FFA6E5 /* PBXTargetDependency */ = {
			isa = PBXTargetDependency;
			target = 459A16AB17F50BEB00FFA6E5 /* SoundBump */;
			targetProxy = 459A16D517F50BEB00FFA6E5 /* PBXContainerItemProxy */;
		};
/* End PBXTargetDependency section */

/* Begin PBXVariantGroup section */
		459A16B817F50BEB00FFA6E5 /* InfoPlist.strings */ = {
			isa = PBXVariantGroup;
			children = (
				459A16B917F50BEB00FFA6E5 /* en */,
			);
			name = InfoPlist.strings;
			sourceTree = "<group>";
		};
		459A16C117F50BEB00FFA6E5 /* Main_iPhone.storyboard */ = {
			isa = PBXVariantGroup;
			children = (
				459A16C217F50BEB00FFA6E5 /* Base */,
			);
			name = Main_iPhone.storyboard;
			sourceTree = "<group>";
		};
		459A16C417F50BEB00FFA6E5 /* Main_iPad.storyboard */ = {
			isa = PBXVariantGroup;
			children = (
				459A16C517F50BEB00FFA6E5 /* Base */,
			);
			name = Main_iPad.storyboard;
			sourceTree = "<group>";
		};
		459A16DA17F50BEB00FFA6E5 /* InfoPlist.strings */ = {
			isa = PBXVariantGroup;
			children = (
				459A16DB17F50BEB00FFA6E5 /* en */,
			);
			name = InfoPlist.strings;
			sourceTree = "<group>";
		};
/* End PBXVariantGroup section */

/* Begin XCBuildConfiguration section */
		459A16DF17F50BEB00FFA6E5 /* Debug */ = {
			isa = XCBuildConfiguration;
			buildSettings = {
				ALWAYS_SEARCH_USER_PATHS = NO;
				ARCHS = "$(ARCHS_STANDARD_INCLUDING_64_BIT)";
				CLANG_CXX_LANGUAGE_STANDARD = "gnu++0x";
				CLANG_CXX_LIBRARY = "libc++";
				CLANG_ENABLE_MODULES = YES;
				CLANG_ENABLE_OBJC_ARC = YES;
				CLANG_WARN_BOOL_CONVERSION = YES;
				CLANG_WARN_CONSTANT_CONVERSION = YES;
				CLANG_WARN_DIRECT_OBJC_ISA_USAGE = YES_ERROR;
				CLANG_WARN_EMPTY_BODY = YES;
				CLANG_WARN_ENUM_CONVERSION = YES;
				CLANG_WARN_INT_CONVERSION = YES;
				CLANG_WARN_OBJC_ROOT_CLASS = YES_ERROR;
				CLANG_WARN__DUPLICATE_METHOD_MATCH = YES;
				"CODE_SIGN_IDENTITY[sdk=iphoneos*]" = "iPhone Developer";
				COPY_PHASE_STRIP = NO;
				GCC_C_LANGUAGE_STANDARD = gnu99;
				GCC_DYNAMIC_NO_PIC = NO;
				GCC_OPTIMIZATION_LEVEL = 0;
				GCC_PREPROCESSOR_DEFINITIONS = (
					"DEBUG=1",
					"$(inherited)",
				);
				GCC_SYMBOLS_PRIVATE_EXTERN = NO;
				GCC_WARN_64_TO_32_BIT_CONVERSION = YES;
				GCC_WARN_ABOUT_RETURN_TYPE = YES_ERROR;
				GCC_WARN_UNDECLARED_SELECTOR = YES;
				GCC_WARN_UNINITIALIZED_AUTOS = YES;
				GCC_WARN_UNUSED_FUNCTION = YES;
				GCC_WARN_UNUSED_VARIABLE = YES;
				IPHONEOS_DEPLOYMENT_TARGET = 7.0;
				ONLY_ACTIVE_ARCH = YES;
				SDKROOT = iphoneos;
				TARGETED_DEVICE_FAMILY = "1,2";
			};
			name = Debug;
		};
		459A16E017F50BEB00FFA6E5 /* Release */ = {
			isa = XCBuildConfiguration;
			buildSettings = {
				ALWAYS_SEARCH_USER_PATHS = NO;
				ARCHS = "$(ARCHS_STANDARD_INCLUDING_64_BIT)";
				CLANG_CXX_LANGUAGE_STANDARD = "gnu++0x";
				CLANG_CXX_LIBRARY = "libc++";
				CLANG_ENABLE_MODULES = YES;
				CLANG_ENABLE_OBJC_ARC = YES;
				CLANG_WARN_BOOL_CONVERSION = YES;
				CLANG_WARN_CONSTANT_CONVERSION = YES;
				CLANG_WARN_DIRECT_OBJC_ISA_USAGE = YES_ERROR;
				CLANG_WARN_EMPTY_BODY = YES;
				CLANG_WARN_ENUM_CONVERSION = YES;
				CLANG_WARN_INT_CONVERSION = YES;
				CLANG_WARN_OBJC_ROOT_CLASS = YES_ERROR;
				CLANG_WARN__DUPLICATE_METHOD_MATCH = YES;
				"CODE_SIGN_IDENTITY[sdk=iphoneos*]" = "iPhone Developer";
				COPY_PHASE_STRIP = YES;
				ENABLE_NS_ASSERTIONS = NO;
				GCC_C_LANGUAGE_STANDARD = gnu99;
				GCC_WARN_64_TO_32_BIT_CONVERSION = YES;
				GCC_WARN_ABOUT_RETURN_TYPE = YES_ERROR;
				GCC_WARN_UNDECLARED_SELECTOR = YES;
				GCC_WARN_UNINITIALIZED_AUTOS = YES;
				GCC_WARN_UNUSED_FUNCTION = YES;
				GCC_WARN_UNUSED_VARIABLE = YES;
				IPHONEOS_DEPLOYMENT_TARGET = 7.0;
				SDKROOT = iphoneos;
				TARGETED_DEVICE_FAMILY = "1,2";
				VALIDATE_PRODUCT = YES;
			};
			name = Release;
		};
		459A16E217F50BEB00FFA6E5 /* Debug */ = {
			isa = XCBuildConfiguration;
			buildSettings = {
				ARCHS = (
					armv7,
					armv6,
				);
				ASSETCATALOG_COMPILER_APPICON_NAME = AppIcon;
				ASSETCATALOG_COMPILER_LAUNCHIMAGE_NAME = LaunchImage;
				GCC_PRECOMPILE_PREFIX_HEADER = YES;
				GCC_PREFIX_HEADER = "SoundBump/SoundBump-Prefix.pch";
				INFOPLIST_FILE = "SoundBump/SoundBump-Info.plist";
				LIBRARY_SEARCH_PATHS = "$SRCROOT/**";
				ONLY_ACTIVE_ARCH = YES;
				OTHER_LDFLAGS = (
					"-force_load",
					"/Users/tomelliott/Code/ObjectiveC/SoundBump/LibPusher/libPusher-combined.a",
				);
				PRODUCT_NAME = "$(TARGET_NAME)";
				VALID_ARCHS = "arm64 armv7";
				WRAPPER_EXTENSION = app;
			};
			name = Debug;
		};
		459A16E317F50BEB00FFA6E5 /* Release */ = {
			isa = XCBuildConfiguration;
			buildSettings = {
				ASSETCATALOG_COMPILER_APPICON_NAME = AppIcon;
				ASSETCATALOG_COMPILER_LAUNCHIMAGE_NAME = LaunchImage;
				GCC_PRECOMPILE_PREFIX_HEADER = YES;
				GCC_PREFIX_HEADER = "SoundBump/SoundBump-Prefix.pch";
				INFOPLIST_FILE = "SoundBump/SoundBump-Info.plist";
				LIBRARY_SEARCH_PATHS = "$SRCROOT/**";
				PRODUCT_NAME = "$(TARGET_NAME)";
				VALID_ARCHS = "arm64 armv7";
				WRAPPER_EXTENSION = app;
			};
			name = Release;
		};
		459A16E517F50BEB00FFA6E5 /* Debug */ = {
			isa = XCBuildConfiguration;
			buildSettings = {
				ARCHS = "$(ARCHS_STANDARD_INCLUDING_64_BIT)";
				BUNDLE_LOADER = "$(BUILT_PRODUCTS_DIR)/SoundBump.app/SoundBump";
				FRAMEWORK_SEARCH_PATHS = (
					"$(SDKROOT)/Developer/Library/Frameworks",
					"$(inherited)",
					"$(DEVELOPER_FRAMEWORKS_DIR)",
				);
				GCC_PRECOMPILE_PREFIX_HEADER = YES;
				GCC_PREFIX_HEADER = "SoundBump/SoundBump-Prefix.pch";
				GCC_PREPROCESSOR_DEFINITIONS = (
					"DEBUG=1",
					"$(inherited)",
				);
				INFOPLIST_FILE = "SoundBumpTests/SoundBumpTests-Info.plist";
				PRODUCT_NAME = "$(TARGET_NAME)";
				TEST_HOST = "$(BUNDLE_LOADER)";
				WRAPPER_EXTENSION = xctest;
			};
			name = Debug;
		};
		459A16E617F50BEB00FFA6E5 /* Release */ = {
			isa = XCBuildConfiguration;
			buildSettings = {
				ARCHS = "$(ARCHS_STANDARD_INCLUDING_64_BIT)";
				BUNDLE_LOADER = "$(BUILT_PRODUCTS_DIR)/SoundBump.app/SoundBump";
				FRAMEWORK_SEARCH_PATHS = (
					"$(SDKROOT)/Developer/Library/Frameworks",
					"$(inherited)",
					"$(DEVELOPER_FRAMEWORKS_DIR)",
				);
				GCC_PRECOMPILE_PREFIX_HEADER = YES;
				GCC_PREFIX_HEADER = "SoundBump/SoundBump-Prefix.pch";
				INFOPLIST_FILE = "SoundBumpTests/SoundBumpTests-Info.plist";
				PRODUCT_NAME = "$(TARGET_NAME)";
				TEST_HOST = "$(BUNDLE_LOADER)";
				WRAPPER_EXTENSION = xctest;
			};
			name = Release;
		};
/* End XCBuildConfiguration section */

/* Begin XCConfigurationList section */
		459A16A717F50BEB00FFA6E5 /* Build configuration list for PBXProject "SoundBump" */ = {
			isa = XCConfigurationList;
			buildConfigurations = (
				459A16DF17F50BEB00FFA6E5 /* Debug */,
				459A16E017F50BEB00FFA6E5 /* Release */,
			);
			defaultConfigurationIsVisible = 0;
			defaultConfigurationName = Release;
		};
		459A16E117F50BEB00FFA6E5 /* Build configuration list for PBXNativeTarget "SoundBump" */ = {
			isa = XCConfigurationList;
			buildConfigurations = (
				459A16E217F50BEB00FFA6E5 /* Debug */,
				459A16E317F50BEB00FFA6E5 /* Release */,
			);
			defaultConfigurationIsVisible = 0;
			defaultConfigurationName = Release;
		};
		459A16E417F50BEB00FFA6E5 /* Build configuration list for PBXNativeTarget "SoundBumpTests" */ = {
			isa = XCConfigurationList;
			buildConfigurations = (
				459A16E517F50BEB00FFA6E5 /* Debug */,
				459A16E617F50BEB00FFA6E5 /* Release */,
			);
			defaultConfigurationIsVisible = 0;
			defaultConfigurationName = Release;
		};
/* End XCConfigurationList section */
	};
	rootObject = 459A16A417F50BEB00FFA6E5 /* Project object */;
}
