// !$*UTF8*$!
{
	archiveVersion = 1;
	classes = {
	};
	objectVersion = 46;
	objects = {

/* Begin PBXBuildFile section */
		459A16B017F50BEB00FFA6E5 /* Foundation.framework in Frameworks */ = {isa = PBXBuildFile; fileRef = 459A16AF17F50BEB00FFA6E5 /* Foundation.framework */; };
		459A16B217F50BEB00FFA6E5 /* CoreGraphics.framework in Frameworks */ = {isa = PBXBuildFile; fileRef = 459A16B117F50BEB00FFA6E5 /* CoreGraphics.framework */; };
		459A16B417F50BEB00FFA6E5 /* UIKit.framework in Frameworks */ = {isa = PBXBuildFile; fileRef = 459A16B317F50BEB00FFA6E5 /* UIKit.framework */; };
		459A16BA17F50BEB00FFA6E5 /* InfoPlist.strings in Resources */ = {isa = PBXBuildFile; fileRef = 459A16B817F50BEB00FFA6E5 /* InfoPlist.strings */; };
		459A16BC17F50BEB00FFA6E5 /* main.m in Sources */ = {isa = PBXBuildFile; fileRef = 459A16BB17F50BEB00FFA6E5 /* main.m */; };
		459A16C017F50BEB00FFA6E5 /* SBAppDelegate.m in Sources */ = {isa = PBXBuildFile; fileRef = 459A16BF17F50BEB00FFA6E5 /* SBAppDelegate.m */; };
		459A16C317F50BEB00FFA6E5 /* Main_iPhone.storyboard in Resources */ = {isa = PBXBuildFile; fileRef = 459A16C117F50BEB00FFA6E5 /* Main_iPhone.storyboard */; };
		459A16C617F50BEB00FFA6E5 /* Main_iPad.storyboard in Resources */ = {isa = PBXBuildFile; fileRef = 459A16C417F50BEB00FFA6E5 /* Main_iPad.storyboard */; };
		459A16C917F50BEB00FFA6E5 /* SBViewController.m in Sources */ = {isa = PBXBuildFile; fileRef = 459A16C817F50BEB00FFA6E5 /* SBViewController.m */; };
		459A16CB17F50BEB00FFA6E5 /* Images.xcassets in Resources */ = {isa = PBXBuildFile; fileRef = 459A16CA17F50BEB00FFA6E5 /* Images.xcassets */; };
		459A16D217F50BEB00FFA6E5 /* XCTest.framework in Frameworks */ = {isa = PBXBuildFile; fileRef = 459A16D117F50BEB00FFA6E5 /* XCTest.framework */; };
		459A16D317F50BEB00FFA6E5 /* Foundation.framework in Frameworks */ = {isa = PBXBuildFile; fileRef = 459A16AF17F50BEB00FFA6E5 /* Foundation.framework */; };
		459A16D417F50BEB00FFA6E5 /* UIKit.framework in Frameworks */ = {isa = PBXBuildFile; fileRef = 459A16B317F50BEB00FFA6E5 /* UIKit.framework */; };
		459A16DC17F50BEB00FFA6E5 /* InfoPlist.strings in Resources */ = {isa = PBXBuildFile; fileRef = 459A16DA17F50BEB00FFA6E5 /* InfoPlist.strings */; };
		459A16DE17F50BEB00FFA6E5 /* SoundBumpTests.m in Sources */ = {isa = PBXBuildFile; fileRef = 459A16DD17F50BEB00FFA6E5 /* SoundBumpTests.m */; };
		C7F916E117F51060008DBC62 /* BeaconAdvertiser.m in Sources */ = {isa = PBXBuildFile; fileRef = C7F916E017F51060008DBC62 /* BeaconAdvertiser.m */; };
		C7F916E917F538B2008DBC62 /* BeaconFinder.m in Sources */ = {isa = PBXBuildFile; fileRef = C7F916E817F538B2008DBC62 /* BeaconFinder.m */; };
/* End PBXBuildFile section */

/* Begin PBXContainerItemProxy section */
		459A16D517F50BEB00FFA6E5 /* PBXContainerItemProxy */ = {
			isa = PBXContainerItemProxy;
			containerPortal = 459A16A417F50BEB00FFA6E5 /* Project object */;
			proxyType = 1;
			remoteGlobalIDString = 459A16AB17F50BEB00FFA6E5;
			remoteInfo = SoundBump;
		};
/* End PBXContainerItemProxy section */

/* Begin PBXFileReference section */
		459A16AC17F50BEB00FFA6E5 /* SoundBump.app */ = {isa = PBXFileReference; explicitFileType = wrapper.application; includeInIndex = 0; path = SoundBump.app; sourceTree = BUILT_PRODUCTS_DIR; };
		459A16AF17F50BEB00FFA6E5 /* Foundation.framework */ = {isa = PBXFileReference; lastKnownFileType = wrapper.framework; name = Foundation.framework; path = System/Library/Frameworks/Foundation.framework; sourceTree = SDKROOT; };
		459A16B117F50BEB00FFA6E5 /* CoreGraphics.framework */ = {isa = PBXFileReference; lastKnownFileType = wrapper.framework; name = CoreGraphics.framework; path = System/Library/Frameworks/CoreGraphics.framework; sourceTree = SDKROOT; };
		459A16B317F50BEB00FFA6E5 /* UIKit.framework */ = {isa = PBXFileReference; lastKnownFileType = wrapper.framework; name = UIKit.framework; path = System/Library/Frameworks/UIKit.framework; sourceTree = SDKROOT; };
		459A16B717F50BEB00FFA6E5 /* SoundBump-Info.plist */ = {isa = PBXFileReference; lastKnownFileType = text.plist.xml; path = "SoundBump-Info.plist"; sourceTree = "<group>"; };
		459A16B917F50BEB00FFA6E5 /* en */ = {isa = PBXFileReference; lastKnownFileType = text.plist.strings; name = en; path = en.lproj/InfoPlist.strings; sourceTree = "<group>"; };
		459A16BB17F50BEB00FFA6E5 /* main.m */ = {isa = PBXFileReference; lastKnownFileType = sourcecode.c.objc; path = main.m; sourceTree = "<group>"; };
		459A16BD17F50BEB00FFA6E5 /* SoundBump-Prefix.pch */ = {isa = PBXFileReference; lastKnownFileType = sourcecode.c.h; path = "SoundBump-Prefix.pch"; sourceTree = "<group>"; };
		459A16BE17F50BEB00FFA6E5 /* SBAppDelegate.h */ = {isa = PBXFileReference; lastKnownFileType = sourcecode.c.h; path = SBAppDelegate.h; sourceTree = "<group>"; };
		459A16BF17F50BEB00FFA6E5 /* SBAppDelegate.m */ = {isa = PBXFileReference; lastKnownFileType = sourcecode.c.objc; path = SBAppDelegate.m; sourceTree = "<group>"; };
		459A16C217F50BEB00FFA6E5 /* Base */ = {isa = PBXFileReference; lastKnownFileType = file.storyboard; name = Base; path = Base.lproj/Main_iPhone.storyboard; sourceTree = "<group>"; };
		459A16C517F50BEB00FFA6E5 /* Base */ = {isa = PBXFileReference; lastKnownFileType = file.storyboard; name = Base; path = Base.lproj/Main_iPad.storyboard; sourceTree = "<group>"; };
		459A16C717F50BEB00FFA6E5 /* SBViewController.h */ = {isa = PBXFileReference; lastKnownFileType = sourcecode.c.h; path = SBViewController.h; sourceTree = "<group>"; };
		459A16C817F50BEB00FFA6E5 /* SBViewController.m */ = {isa = PBXFileReference; lastKnownFileType = sourcecode.c.objc; path = SBViewController.m; sourceTree = "<group>"; };
		459A16CA17F50BEB00FFA6E5 /* Images.xcassets */ = {isa = PBXFileReference; lastKnownFileType = folder.assetcatalog; path = Images.xcassets; sourceTree = "<group>"; };
		459A16D017F50BEB00FFA6E5 /* SoundBumpTests.xctest */ = {isa = PBXFileReference; explicitFileType = wrapper.cfbundle; includeInIndex = 0; path = SoundBumpTests.xctest; sourceTree = BUILT_PRODUCTS_DIR; };
		459A16D117F50BEB00FFA6E5 /* XCTest.framework */ = {isa = PBXFileReference; lastKnownFileType = wrapper.framework; name = XCTest.framework; path = Library/Frameworks/XCTest.framework; sourceTree = DEVELOPER_DIR; };
		459A16D917F50BEB00FFA6E5 /* SoundBumpTests-Info.plist */ = {isa = PBXFileReference; lastKnownFileType = text.plist.xml; path = "SoundBumpTests-Info.plist"; sourceTree = "<group>"; };
		459A16DB17F50BEB00FFA6E5 /* en */ = {isa = PBXFileReference; lastKnownFileType = text.plist.strings; name = en; path = en.lproj/InfoPlist.strings; sourceTree = "<group>"; };
		459A16DD17F50BEB00FFA6E5 /* SoundBumpTests.m */ = {isa = PBXFileReference; lastKnownFileType = sourcecode.c.objc; path = SoundBumpTests.m; sourceTree = "<group>"; };
		C7F916DF17F51060008DBC62 /* BeaconAdvertiser.h */ = {isa = PBXFileReference; fileEncoding = 4; lastKnownFileType = sourcecode.c.h; path = BeaconAdvertiser.h; sourceTree = "<group>"; };
		C7F916E017F51060008DBC62 /* BeaconAdvertiser.m */ = {isa = PBXFileReference; fileEncoding = 4; lastKnownFileType = sourcecode.c.objc; path = BeaconAdvertiser.m; sourceTree = "<group>"; };
		C7F916E717F538B2008DBC62 /* BeaconFinder.h */ = {isa = PBXFileReference; fileEncoding = 4; lastKnownFileType = sourcecode.c.h; path = BeaconFinder.h; sourceTree = "<group>"; };
		C7F916E817F538B2008DBC62 /* BeaconFinder.m */ = {isa = PBXFileReference; fileEncoding = 4; lastKnownFileType = sourcecode.c.objc; path = BeaconFinder.m; sourceTree = "<group>"; };
/* End PBXFileReference section */

/* Begin PBXFrameworksBuildPhase section */
		459A16A917F50BEB00FFA6E5 /* Frameworks */ = {
			isa = PBXFrameworksBuildPhase;
			buildActionMask = 2147483647;
			files = (
				459A16B217F50BEB00FFA6E5 /* CoreGraphics.framework in Frameworks */,
				459A16B417F50BEB00FFA6E5 /* UIKit.framework in Frameworks */,
				459A16B017F50BEB00FFA6E5 /* Foundation.framework in Frameworks */,
			);
			runOnlyForDeploymentPostprocessing = 0;
		};
		459A16CD17F50BEB00FFA6E5 /* Frameworks */ = {
			isa = PBXFrameworksBuildPhase;
			buildActionMask = 2147483647;
			files = (
				459A16D217F50BEB00FFA6E5 /* XCTest.framework in Frameworks */,
				459A16D417F50BEB00FFA6E5 /* UIKit.framework in Frameworks */,
				459A16D317F50BEB00FFA6E5 /* Foundation.framework in Frameworks */,
			);
			runOnlyForDeploymentPostprocessing = 0;
		};
/* End PBXFrameworksBuildPhase section */

/* Begin PBXGroup section */
		459A16A317F50BEB00FFA6E5 = {
			isa = PBXGroup;
			children = (
				459A16B517F50BEB00FFA6E5 /* SoundBump */,
				459A16D717F50BEB00FFA6E5 /* SoundBumpTests */,
				459A16AE17F50BEB00FFA6E5 /* Frameworks */,
				459A16AD17F50BEB00FFA6E5 /* Products */,
			);
			sourceTree = "<group>";
		};
		459A16AD17F50BEB00FFA6E5 /* Products */ = {
			isa = PBXGroup;
			children = (
				459A16AC17F50BEB00FFA6E5 /* SoundBump.app */,
				459A16D017F50BEB00FFA6E5 /* SoundBumpTests.xctest */,
			);
			name = Products;
			sourceTree = "<group>";
		};
		459A16AE17F50BEB00FFA6E5 /* Frameworks */ = {
			isa = PBXGroup;
			children = (
				459A16AF17F50BEB00FFA6E5 /* Foundation.framework */,
				459A16B117F50BEB00FFA6E5 /* CoreGraphics.framework */,
				459A16B317F50BEB00FFA6E5 /* UIKit.framework */,
				459A16D117F50BEB00FFA6E5 /* XCTest.framework */,
			);
			name = Frameworks;
			sourceTree = "<group>";
		};
		459A16B517F50BEB00FFA6E5 /* SoundBump */ = {
			isa = PBXGroup;
			children = (
				459A16BE17F50BEB00FFA6E5 /* SBAppDelegate.h */,
				459A16BF17F50BEB00FFA6E5 /* SBAppDelegate.m */,
				459A16C117F50BEB00FFA6E5 /* Main_iPhone.storyboard */,
				459A16C417F50BEB00FFA6E5 /* Main_iPad.storyboard */,
				459A16C717F50BEB00FFA6E5 /* SBViewController.h */,
				459A16C817F50BEB00FFA6E5 /* SBViewController.m */,
				C7F916DF17F51060008DBC62 /* BeaconAdvertiser.h */,
				C7F916E017F51060008DBC62 /* BeaconAdvertiser.m */,
				C7F916E717F538B2008DBC62 /* BeaconFinder.h */,
				C7F916E817F538B2008DBC62 /* BeaconFinder.m */,
				459A16CA17F50BEB00FFA6E5 /* Images.xcassets */,
				459A16B617F50BEB00FFA6E5 /* Supporting Files */,
			);
			path = SoundBump;
			sourceTree = "<group>";
		};
		459A16B617F50BEB00FFA6E5 /* Supporting Files */ = {
			isa = PBXGroup;
			children = (
				459A16B717F50BEB00FFA6E5 /* SoundBump-Info.plist */,
				459A16B817F50BEB00FFA6E5 /* InfoPlist.strings */,
				459A16BB17F50BEB00FFA6E5 /* main.m */,
				459A16BD17F50BEB00FFA6E5 /* SoundBump-Prefix.pch */,
			);
			name = "Supporting Files";
			sourceTree = "<group>";
		};
		459A16D717F50BEB00FFA6E5 /* SoundBumpTests */ = {
			isa = PBXGroup;
			children = (
				459A16DD17F50BEB00FFA6E5 /* SoundBumpTests.m */,
				459A16D817F50BEB00FFA6E5 /* Supporting Files */,
			);
			path = SoundBumpTests;
			sourceTree = "<group>";
		};
		459A16D817F50BEB00FFA6E5 /* Supporting Files */ = {
			isa = PBXGroup;
			children = (
				459A16D917F50BEB00FFA6E5 /* SoundBumpTests-Info.plist */,
				459A16DA17F50BEB00FFA6E5 /* InfoPlist.strings */,
			);
			name = "Supporting Files";
			sourceTree = "<group>";
		};
/* End PBXGroup section */

/* Begin PBXNativeTarget section */
		459A16AB17F50BEB00FFA6E5 /* SoundBump */ = {
			isa = PBXNativeTarget;
			buildConfigurationList = 459A16E117F50BEB00FFA6E5 /* Build configuration list for PBXNativeTarget "SoundBump" */;
			buildPhases = (
				459A16A817F50BEB00FFA6E5 /* Sources */,
				459A16A917F50BEB00FFA6E5 /* Frameworks */,
				459A16AA17F50BEB00FFA6E5 /* Resources */,
			);
			buildRules = (
			);
			dependencies = (
			);
			name = SoundBump;
			productName = SoundBump;
			productReference = 459A16AC17F50BEB00FFA6E5 /* SoundBump.app */;
			productType = "com.apple.product-type.application";
		};
		459A16CF17F50BEB00FFA6E5 /* SoundBumpTests */ = {
			isa = PBXNativeTarget;
			buildConfigurationList = 459A16E417F50BEB00FFA6E5 /* Build configuration list for PBXNativeTarget "SoundBumpTests" */;
			buildPhases = (
				459A16CC17F50BEB00FFA6E5 /* Sources */,
				459A16CD17F50BEB00FFA6E5 /* Frameworks */,
				459A16CE17F50BEB00FFA6E5 /* Resources */,
			);
			buildRules = (
			);
			dependencies = (
				459A16D617F50BEB00FFA6E5 /* PBXTargetDependency */,
			);
			name = SoundBumpTests;
			productName = SoundBumpTests;
			productReference = 459A16D017F50BEB00FFA6E5 /* SoundBumpTests.xctest */;
			productType = "com.apple.product-type.bundle.unit-test";
		};
/* End PBXNativeTarget section */

/* Begin PBXProject section */
		459A16A417F50BEB00FFA6E5 /* Project object */ = {
			isa = PBXProject;
			attributes = {
				CLASSPREFIX = SB;
				LastUpgradeCheck = 0500;
				ORGANIZATIONNAME = Facebook;
				TargetAttributes = {
					459A16CF17F50BEB00FFA6E5 = {
						TestTargetID = 459A16AB17F50BEB00FFA6E5;
					};
				};
			};
			buildConfigurationList = 459A16A717F50BEB00FFA6E5 /* Build configuration list for PBXProject "SoundBump" */;
			compatibilityVersion = "Xcode 3.2";
			developmentRegion = English;
			hasScannedForEncodings = 0;
			knownRegions = (
				en,
				Base,
			);
			mainGroup = 459A16A317F50BEB00FFA6E5;
			productRefGroup = 459A16AD17F50BEB00FFA6E5 /* Products */;
			projectDirPath = "";
			projectRoot = "";
			targets = (
				459A16AB17F50BEB00FFA6E5 /* SoundBump */,
				459A16CF17F50BEB00FFA6E5 /* SoundBumpTests */,
			);
		};
/* End PBXProject section */

/* Begin PBXResourcesBuildPhase section */
		459A16AA17F50BEB00FFA6E5 /* Resources */ = {
			isa = PBXResourcesBuildPhase;
			buildActionMask = 2147483647;
			files = (
				459A16C617F50BEB00FFA6E5 /* Main_iPad.storyboard in Resources */,
				459A16CB17F50BEB00FFA6E5 /* Images.xcassets in Resources */,
				459A16C317F50BEB00FFA6E5 /* Main_iPhone.storyboard in Resources */,
				459A16BA17F50BEB00FFA6E5 /* InfoPlist.strings in Resources */,
			);
			runOnlyForDeploymentPostprocessing = 0;
		};
		459A16CE17F50BEB00FFA6E5 /* Resources */ = {
			isa = PBXResourcesBuildPhase;
			buildActionMask = 2147483647;
			files = (
				459A16DC17F50BEB00FFA6E5 /* InfoPlist.strings in Resources */,
			);
			runOnlyForDeploymentPostprocessing = 0;
		};
/* End PBXResourcesBuildPhase section */

/* Begin PBXSourcesBuildPhase section */
		459A16A817F50BEB00FFA6E5 /* Sources */ = {
			isa = PBXSourcesBuildPhase;
			buildActionMask = 2147483647;
			files = (
				459A16BC17F50BEB00FFA6E5 /* main.m in Sources */,
				459A16C917F50BEB00FFA6E5 /* SBViewController.m in Sources */,
				C7F916E117F51060008DBC62 /* BeaconAdvertiser.m in Sources */,
				C7F916E917F538B2008DBC62 /* BeaconFinder.m in Sources */,
				459A16C017F50BEB00FFA6E5 /* SBAppDelegate.m in Sources */,
			);
			runOnlyForDeploymentPostprocessing = 0;
		};
		459A16CC17F50BEB00FFA6E5 /* Sources */ = {
			isa = PBXSourcesBuildPhase;
			buildActionMask = 2147483647;
			files = (
				459A16DE17F50BEB00FFA6E5 /* SoundBumpTests.m in Sources */,
			);
			runOnlyForDeploymentPostprocessing = 0;
		};
/* End PBXSourcesBuildPhase section */

/* Begin PBXTargetDependency section */
		459A16D617F50BEB00FFA6E5 /* PBXTargetDependency */ = {
			isa = PBXTargetDependency;
			target = 459A16AB17F50BEB00FFA6E5 /* SoundBump */;
			targetProxy = 459A16D517F50BEB00FFA6E5 /* PBXContainerItemProxy */;
		};
/* End PBXTargetDependency section */

/* Begin PBXVariantGroup section */
		459A16B817F50BEB00FFA6E5 /* InfoPlist.strings */ = {
			isa = PBXVariantGroup;
			children = (
				459A16B917F50BEB00FFA6E5 /* en */,
			);
			name = InfoPlist.strings;
			sourceTree = "<group>";
		};
		459A16C117F50BEB00FFA6E5 /* Main_iPhone.storyboard */ = {
			isa = PBXVariantGroup;
			children = (
				459A16C217F50BEB00FFA6E5 /* Base */,
			);
			name = Main_iPhone.storyboard;
			sourceTree = "<group>";
		};
		459A16C417F50BEB00FFA6E5 /* Main_iPad.storyboard */ = {
			isa = PBXVariantGroup;
			children = (
				459A16C517F50BEB00FFA6E5 /* Base */,
			);
			name = Main_iPad.storyboard;
			sourceTree = "<group>";
		};
		459A16DA17F50BEB00FFA6E5 /* InfoPlist.strings */ = {
			isa = PBXVariantGroup;
			children = (
				459A16DB17F50BEB00FFA6E5 /* en */,
			);
			name = InfoPlist.strings;
			sourceTree = "<group>";
		};
/* End PBXVariantGroup section */

/* Begin XCBuildConfiguration section */
		459A16DF17F50BEB00FFA6E5 /* Debug */ = {
			isa = XCBuildConfiguration;
			buildSettings = {
				ALWAYS_SEARCH_USER_PATHS = NO;
				ARCHS = "$(ARCHS_STANDARD_INCLUDING_64_BIT)";
				CLANG_CXX_LANGUAGE_STANDARD = "gnu++0x";
				CLANG_CXX_LIBRARY = "libc++";
				CLANG_ENABLE_MODULES = YES;
				CLANG_ENABLE_OBJC_ARC = YES;
				CLANG_WARN_BOOL_CONVERSION = YES;
				CLANG_WARN_CONSTANT_CONVERSION = YES;
				CLANG_WARN_DIRECT_OBJC_ISA_USAGE = YES_ERROR;
				CLANG_WARN_EMPTY_BODY = YES;
				CLANG_WARN_ENUM_CONVERSION = YES;
				CLANG_WARN_INT_CONVERSION = YES;
				CLANG_WARN_OBJC_ROOT_CLASS = YES_ERROR;
				CLANG_WARN__DUPLICATE_METHOD_MATCH = YES;
				"CODE_SIGN_IDENTITY[sdk=iphoneos*]" = "iPhone Developer";
				COPY_PHASE_STRIP = NO;
				GCC_C_LANGUAGE_STANDARD = gnu99;
				GCC_DYNAMIC_NO_PIC = NO;
				GCC_OPTIMIZATION_LEVEL = 0;
				GCC_PREPROCESSOR_DEFINITIONS = (
					"DEBUG=1",
					"$(inherited)",
				);
				GCC_SYMBOLS_PRIVATE_EXTERN = NO;
				GCC_WARN_64_TO_32_BIT_CONVERSION = YES;
				GCC_WARN_ABOUT_RETURN_TYPE = YES_ERROR;
				GCC_WARN_UNDECLARED_SELECTOR = YES;
				GCC_WARN_UNINITIALIZED_AUTOS = YES;
				GCC_WARN_UNUSED_FUNCTION = YES;
				GCC_WARN_UNUSED_VARIABLE = YES;
				IPHONEOS_DEPLOYMENT_TARGET = 7.0;
				ONLY_ACTIVE_ARCH = YES;
				SDKROOT = iphoneos;
				TARGETED_DEVICE_FAMILY = "1,2";
			};
			name = Debug;
		};
		459A16E017F50BEB00FFA6E5 /* Release */ = {
			isa = XCBuildConfiguration;
			buildSettings = {
				ALWAYS_SEARCH_USER_PATHS = NO;
				ARCHS = "$(ARCHS_STANDARD_INCLUDING_64_BIT)";
				CLANG_CXX_LANGUAGE_STANDARD = "gnu++0x";
				CLANG_CXX_LIBRARY = "libc++";
				CLANG_ENABLE_MODULES = YES;
				CLANG_ENABLE_OBJC_ARC = YES;
				CLANG_WARN_BOOL_CONVERSION = YES;
				CLANG_WARN_CONSTANT_CONVERSION = YES;
				CLANG_WARN_DIRECT_OBJC_ISA_USAGE = YES_ERROR;
				CLANG_WARN_EMPTY_BODY = YES;
				CLANG_WARN_ENUM_CONVERSION = YES;
				CLANG_WARN_INT_CONVERSION = YES;
				CLANG_WARN_OBJC_ROOT_CLASS = YES_ERROR;
				CLANG_WARN__DUPLICATE_METHOD_MATCH = YES;
				"CODE_SIGN_IDENTITY[sdk=iphoneos*]" = "iPhone Developer";
				COPY_PHASE_STRIP = YES;
				ENABLE_NS_ASSERTIONS = NO;
				GCC_C_LANGUAGE_STANDARD = gnu99;
				GCC_WARN_64_TO_32_BIT_CONVERSION = YES;
				GCC_WARN_ABOUT_RETURN_TYPE = YES_ERROR;
				GCC_WARN_UNDECLARED_SELECTOR = YES;
				GCC_WARN_UNINITIALIZED_AUTOS = YES;
				GCC_WARN_UNUSED_FUNCTION = YES;
				GCC_WARN_UNUSED_VARIABLE = YES;
				IPHONEOS_DEPLOYMENT_TARGET = 7.0;
				SDKROOT = iphoneos;
				TARGETED_DEVICE_FAMILY = "1,2";
				VALIDATE_PRODUCT = YES;
			};
			name = Release;
		};
		459A16E217F50BEB00FFA6E5 /* Debug */ = {
			isa = XCBuildConfiguration;
			buildSettings = {
				ASSETCATALOG_COMPILER_APPICON_NAME = AppIcon;
				ASSETCATALOG_COMPILER_LAUNCHIMAGE_NAME = LaunchImage;
				GCC_PRECOMPILE_PREFIX_HEADER = YES;
				GCC_PREFIX_HEADER = "SoundBump/SoundBump-Prefix.pch";
				INFOPLIST_FILE = "SoundBump/SoundBump-Info.plist";
				PRODUCT_NAME = "$(TARGET_NAME)";
				WRAPPER_EXTENSION = app;
			};
			name = Debug;
		};
		459A16E317F50BEB00FFA6E5 /* Release */ = {
			isa = XCBuildConfiguration;
			buildSettings = {
				ASSETCATALOG_COMPILER_APPICON_NAME = AppIcon;
				ASSETCATALOG_COMPILER_LAUNCHIMAGE_NAME = LaunchImage;
				GCC_PRECOMPILE_PREFIX_HEADER = YES;
				GCC_PREFIX_HEADER = "SoundBump/SoundBump-Prefix.pch";
				INFOPLIST_FILE = "SoundBump/SoundBump-Info.plist";
				PRODUCT_NAME = "$(TARGET_NAME)";
				WRAPPER_EXTENSION = app;
			};
			name = Release;
		};
		459A16E517F50BEB00FFA6E5 /* Debug */ = {
			isa = XCBuildConfiguration;
			buildSettings = {
				ARCHS = "$(ARCHS_STANDARD_INCLUDING_64_BIT)";
				BUNDLE_LOADER = "$(BUILT_PRODUCTS_DIR)/SoundBump.app/SoundBump";
				FRAMEWORK_SEARCH_PATHS = (
					"$(SDKROOT)/Developer/Library/Frameworks",
					"$(inherited)",
					"$(DEVELOPER_FRAMEWORKS_DIR)",
				);
				GCC_PRECOMPILE_PREFIX_HEADER = YES;
				GCC_PREFIX_HEADER = "SoundBump/SoundBump-Prefix.pch";
				GCC_PREPROCESSOR_DEFINITIONS = (
					"DEBUG=1",
					"$(inherited)",
				);
				INFOPLIST_FILE = "SoundBumpTests/SoundBumpTests-Info.plist";
				PRODUCT_NAME = "$(TARGET_NAME)";
				TEST_HOST = "$(BUNDLE_LOADER)";
				WRAPPER_EXTENSION = xctest;
			};
			name = Debug;
		};
		459A16E617F50BEB00FFA6E5 /* Release */ = {
			isa = XCBuildConfiguration;
			buildSettings = {
				ARCHS = "$(ARCHS_STANDARD_INCLUDING_64_BIT)";
				BUNDLE_LOADER = "$(BUILT_PRODUCTS_DIR)/SoundBump.app/SoundBump";
				FRAMEWORK_SEARCH_PATHS = (
					"$(SDKROOT)/Developer/Library/Frameworks",
					"$(inherited)",
					"$(DEVELOPER_FRAMEWORKS_DIR)",
				);
				GCC_PRECOMPILE_PREFIX_HEADER = YES;
				GCC_PREFIX_HEADER = "SoundBump/SoundBump-Prefix.pch";
				INFOPLIST_FILE = "SoundBumpTests/SoundBumpTests-Info.plist";
				PRODUCT_NAME = "$(TARGET_NAME)";
				TEST_HOST = "$(BUNDLE_LOADER)";
				WRAPPER_EXTENSION = xctest;
			};
			name = Release;
		};
/* End XCBuildConfiguration section */

/* Begin XCConfigurationList section */
		459A16A717F50BEB00FFA6E5 /* Build configuration list for PBXProject "SoundBump" */ = {
			isa = XCConfigurationList;
			buildConfigurations = (
				459A16DF17F50BEB00FFA6E5 /* Debug */,
				459A16E017F50BEB00FFA6E5 /* Release */,
			);
			defaultConfigurationIsVisible = 0;
			defaultConfigurationName = Release;
		};
		459A16E117F50BEB00FFA6E5 /* Build configuration list for PBXNativeTarget "SoundBump" */ = {
			isa = XCConfigurationList;
			buildConfigurations = (
				459A16E217F50BEB00FFA6E5 /* Debug */,
				459A16E317F50BEB00FFA6E5 /* Release */,
			);
			defaultConfigurationIsVisible = 0;
			defaultConfigurationName = Release;
		};
		459A16E417F50BEB00FFA6E5 /* Build configuration list for PBXNativeTarget "SoundBumpTests" */ = {
			isa = XCConfigurationList;
			buildConfigurations = (
				459A16E517F50BEB00FFA6E5 /* Debug */,
				459A16E617F50BEB00FFA6E5 /* Release */,
			);
			defaultConfigurationIsVisible = 0;
			defaultConfigurationName = Release;
		};
/* End XCConfigurationList section */
	};
	rootObject = 459A16A417F50BEB00FFA6E5 /* Project object */;
}
